{
  "name": "request-ty",
  "version": "1.0.0",
  "lockfileVersion": 1,
  "requires": true,
  "dependencies": {
    "query-to-string": {
      "version": "1.0.1",
      "resolved": "https://registry.npmjs.org/query-to-string/-/query-to-string-1.0.1.tgz",
      "integrity": "sha512-0w7PZY4LEzVPEPPSLwT4qipLTcDDuir23ovCwSW7HqhAt9t4yOJAlHCePesAYqIMDNIxSVmuIPDLduJ8rU2yRQ=="
    }
  }
}
